
Microsoft Visual Studio Solution File, Format Version 12.00
# Visual Studio 15
VisualStudioVersion = 15.0.27130.2036
MinimumVisualStudioVersion = 10.0.40219.1
Project("{FAE04EC0-301F-11D3-BF4B-00C04F79EFBC}") = "SteroidsVS", "SteroidsVS\SteroidsVS.csproj", "{CE39BD04-12F1-4061-89A0-86154E247132}"
EndProject
Project("{FAE04EC0-301F-11D3-BF4B-00C04F79EFBC}") = "Steroids.CodeStructure", "Steroids.CodeStructure\Steroids.CodeStructure.csproj", "{1406F7C6-80FE-4EE2-A651-7432C0EF9CD2}"
EndProject
Project("{FAE04EC0-301F-11D3-BF4B-00C04F79EFBC}") = "Steroids.Skin", "Steroids.Skin\Steroids.Skin.csproj", "{DEA6534A-406C-409E-802F-9B655BC8E876}"
EndProject
Project("{FAE04EC0-301F-11D3-BF4B-00C04F79EFBC}") = "Steroids.Core", "Steroids.Core\Steroids.Core.csproj", "{D43C1A42-A6B0-4F1B-8637-79DAACAAE487}"
EndProject
Project("{2150E333-8FDC-42A3-9474-1A3956D46DE8}") = ".SolutionFiles", ".SolutionFiles", "{12415D6D-27DC-4947-9C17-64F892C1FCB1}"
	ProjectSection(SolutionItems) = preProject
		SteroidsVS.ruleset = SteroidsVS.ruleset
		SteroidsVs.snk = SteroidsVs.snk
	EndProjectSection
EndProject
Project("{FAE04EC0-301F-11D3-BF4B-00C04F79EFBC}") = "Steroids.Contracts", "Steroids.Contracts\Steroids.Contracts.csproj", "{1C5F02AC-F8C1-408C-8A54-560F31BD9B64}"
EndProject
Project("{FAE04EC0-301F-11D3-BF4B-00C04F79EFBC}") = "Steroids.CodeStructure.Tests", "Steroids.CodeStructure.Tests\Steroids.CodeStructure.Tests.csproj", "{7ACA354E-33FC-45C1-932F-F7A5B01111A0}"
EndProject
Project("{FAE04EC0-301F-11D3-BF4B-00C04F79EFBC}") = "Steroids.SharedUI", "Steroids.SharedUI\Steroids.SharedUI.csproj", "{58AC3D8F-294E-4389-8A93-570AE6C45808}"
EndProject
Project("{2150E333-8FDC-42A3-9474-1A3956D46DE8}") = "Tests", "Tests", "{2E07FB3F-3BFE-4EF8-9A10-530B2F7CDEBB}"
EndProject
Project("{FAE04EC0-301F-11D3-BF4B-00C04F79EFBC}") = "Steroids.CodeQuality", "Steroids.CodeQuality\Steroids.CodeQuality.csproj", "{8E125506-818B-40E4-ADFB-6238C2A49AC7}"
EndProject
Project("{FAE04EC0-301F-11D3-BF4B-00C04F79EFBC}") = "Steroids.Core.Tests", "Steroids.Core.Tests\Steroids.Core.Tests.csproj", "{CCA340B5-1BE3-45C6-B108-89B1BFFB36BB}"
EndProject
Project("{FAE04EC0-301F-11D3-BF4B-00C04F79EFBC}") = "Steroids.CodeQuality.Tests", "Steroids.CodeQuality.Tests\Steroids.CodeQuality.Tests.csproj", "{2FE84F47-9450-4701-80A4-D24104D3D504}"
EndProject
Project("{FAE04EC0-301F-11D3-BF4B-00C04F79EFBC}") = "Steroids.Controls", "Steroids.Controls\Steroids.Controls.csproj", "{F431C218-50D4-426B-A1CB-4C21AF3E7008}"
EndProject
Global
	GlobalSection(SolutionConfigurationPlatforms) = preSolution
		Debug|Any CPU = Debug|Any CPU
		Release|Any CPU = Release|Any CPU
	EndGlobalSection
	GlobalSection(ProjectConfigurationPlatforms) = postSolution
		{CE39BD04-12F1-4061-89A0-86154E247132}.Debug|Any CPU.ActiveCfg = Debug|Any CPU
		{CE39BD04-12F1-4061-89A0-86154E247132}.Debug|Any CPU.Build.0 = Debug|Any CPU
		{CE39BD04-12F1-4061-89A0-86154E247132}.Release|Any CPU.ActiveCfg = Release|Any CPU
		{CE39BD04-12F1-4061-89A0-86154E247132}.Release|Any CPU.Build.0 = Release|Any CPU
		{1406F7C6-80FE-4EE2-A651-7432C0EF9CD2}.Debug|Any CPU.ActiveCfg = Debug|Any CPU
		{1406F7C6-80FE-4EE2-A651-7432C0EF9CD2}.Debug|Any CPU.Build.0 = Debug|Any CPU
		{1406F7C6-80FE-4EE2-A651-7432C0EF9CD2}.Release|Any CPU.ActiveCfg = Release|Any CPU
		{1406F7C6-80FE-4EE2-A651-7432C0EF9CD2}.Release|Any CPU.Build.0 = Release|Any CPU
		{DEA6534A-406C-409E-802F-9B655BC8E876}.Debug|Any CPU.ActiveCfg = Debug|Any CPU
		{DEA6534A-406C-409E-802F-9B655BC8E876}.Debug|Any CPU.Build.0 = Debug|Any CPU
		{DEA6534A-406C-409E-802F-9B655BC8E876}.Release|Any CPU.ActiveCfg = Release|Any CPU
		{DEA6534A-406C-409E-802F-9B655BC8E876}.Release|Any CPU.Build.0 = Release|Any CPU
		{D43C1A42-A6B0-4F1B-8637-79DAACAAE487}.Debug|Any CPU.ActiveCfg = Debug|Any CPU
		{D43C1A42-A6B0-4F1B-8637-79DAACAAE487}.Debug|Any CPU.Build.0 = Debug|Any CPU
		{D43C1A42-A6B0-4F1B-8637-79DAACAAE487}.Release|Any CPU.ActiveCfg = Release|Any CPU
		{D43C1A42-A6B0-4F1B-8637-79DAACAAE487}.Release|Any CPU.Build.0 = Release|Any CPU
		{1C5F02AC-F8C1-408C-8A54-560F31BD9B64}.Debug|Any CPU.ActiveCfg = Debug|Any CPU
		{1C5F02AC-F8C1-408C-8A54-560F31BD9B64}.Debug|Any CPU.Build.0 = Debug|Any CPU
		{1C5F02AC-F8C1-408C-8A54-560F31BD9B64}.Release|Any CPU.ActiveCfg = Release|Any CPU
		{1C5F02AC-F8C1-408C-8A54-560F31BD9B64}.Release|Any CPU.Build.0 = Release|Any CPU
		{7ACA354E-33FC-45C1-932F-F7A5B01111A0}.Debug|Any CPU.ActiveCfg = Debug|Any CPU
		{7ACA354E-33FC-45C1-932F-F7A5B01111A0}.Debug|Any CPU.Build.0 = Debug|Any CPU
		{7ACA354E-33FC-45C1-932F-F7A5B01111A0}.Release|Any CPU.ActiveCfg = Release|Any CPU
		{7ACA354E-33FC-45C1-932F-F7A5B01111A0}.Release|Any CPU.Build.0 = Release|Any CPU
		{58AC3D8F-294E-4389-8A93-570AE6C45808}.Debug|Any CPU.ActiveCfg = Debug|Any CPU
		{58AC3D8F-294E-4389-8A93-570AE6C45808}.Debug|Any CPU.Build.0 = Debug|Any CPU
		{58AC3D8F-294E-4389-8A93-570AE6C45808}.Release|Any CPU.ActiveCfg = Release|Any CPU
		{58AC3D8F-294E-4389-8A93-570AE6C45808}.Release|Any CPU.Build.0 = Release|Any CPU
		{8E125506-818B-40E4-ADFB-6238C2A49AC7}.Debug|Any CPU.ActiveCfg = Debug|Any CPU
		{8E125506-818B-40E4-ADFB-6238C2A49AC7}.Debug|Any CPU.Build.0 = Debug|Any CPU
		{8E125506-818B-40E4-ADFB-6238C2A49AC7}.Release|Any CPU.ActiveCfg = Release|Any CPU
		{8E125506-818B-40E4-ADFB-6238C2A49AC7}.Release|Any CPU.Build.0 = Release|Any CPU
		{CCA340B5-1BE3-45C6-B108-89B1BFFB36BB}.Debug|Any CPU.ActiveCfg = Debug|Any CPU
		{CCA340B5-1BE3-45C6-B108-89B1BFFB36BB}.Debug|Any CPU.Build.0 = Debug|Any CPU
		{CCA340B5-1BE3-45C6-B108-89B1BFFB36BB}.Release|Any CPU.ActiveCfg = Release|Any CPU
		{CCA340B5-1BE3-45C6-B108-89B1BFFB36BB}.Release|Any CPU.Build.0 = Release|Any CPU
		{2FE84F47-9450-4701-80A4-D24104D3D504}.Debug|Any CPU.ActiveCfg = Debug|Any CPU
		{2FE84F47-9450-4701-80A4-D24104D3D504}.Debug|Any CPU.Build.0 = Debug|Any CPU
		{2FE84F47-9450-4701-80A4-D24104D3D504}.Release|Any CPU.ActiveCfg = Release|Any CPU
		{2FE84F47-9450-4701-80A4-D24104D3D504}.Release|Any CPU.Build.0 = Release|Any CPU
		{F431C218-50D4-426B-A1CB-4C21AF3E7008}.Debug|Any CPU.ActiveCfg = Debug|Any CPU
		{F431C218-50D4-426B-A1CB-4C21AF3E7008}.Debug|Any CPU.Build.0 = Debug|Any CPU
		{F431C218-50D4-426B-A1CB-4C21AF3E7008}.Release|Any CPU.ActiveCfg = Release|Any CPU
		{F431C218-50D4-426B-A1CB-4C21AF3E7008}.Release|Any CPU.Build.0 = Release|Any CPU
	EndGlobalSection
	GlobalSection(SolutionProperties) = preSolution
		HideSolutionNode = FALSE
	EndGlobalSection
	GlobalSection(NestedProjects) = preSolution
		{7ACA354E-33FC-45C1-932F-F7A5B01111A0} = {2E07FB3F-3BFE-4EF8-9A10-530B2F7CDEBB}
		{CCA340B5-1BE3-45C6-B108-89B1BFFB36BB} = {2E07FB3F-3BFE-4EF8-9A10-530B2F7CDEBB}
		{2FE84F47-9450-4701-80A4-D24104D3D504} = {2E07FB3F-3BFE-4EF8-9A10-530B2F7CDEBB}
	EndGlobalSection
	GlobalSection(ExtensibilityGlobals) = postSolution
		SolutionGuid = {DA622E88-1DED-4B8D-8890-E38D3F07C08E}
	EndGlobalSection
EndGlobal
