
Microsoft Visual Studio Solution File, Format Version 12.00
# Visual Studio Version 17
VisualStudioVersion = 17.0.31815.197
MinimumVisualStudioVersion = 10.0.40219.1
Project("{FAE04EC0-301F-11D3-BF4B-00C04F79EFBC}") = "Steroids.CodeStructure", "BusinessLogic\CodeStructure\Steroids.CodeStructure\Steroids.CodeStructure.csproj", "{1406F7C6-80FE-4EE2-A651-7432C0EF9CD2}"
EndProject
Project("{FAE04EC0-301F-11D3-BF4B-00C04F79EFBC}") = "Steroids.Core", "BusinessLogic\Core\Steroids.Core\Steroids.Core.csproj", "{D43C1A42-A6B0-4F1B-8637-79DAACAAE487}"
EndProject
Project("{2150E333-8FDC-42A3-9474-1A3956D46DE8}") = ".SolutionFiles", ".SolutionFiles", "{12415D6D-27DC-4947-9C17-64F892C1FCB1}"
	ProjectSection(SolutionItems) = preProject
		SteroidsVs.snk = SteroidsVs.snk
	EndProjectSection
EndProject
Project("{FAE04EC0-301F-11D3-BF4B-00C04F79EFBC}") = "Steroids.CodeStructure.Tests", "BusinessLogic\CodeStructure\Steroids.CodeStructure.Tests\Steroids.CodeStructure.Tests.csproj", "{7ACA354E-33FC-45C1-932F-F7A5B01111A0}"
EndProject
Project("{FAE04EC0-301F-11D3-BF4B-00C04F79EFBC}") = "Steroids.CodeQuality", "BusinessLogic\CodeQuality\Steroids.CodeQuality\Steroids.CodeQuality.csproj", "{8E125506-818B-40E4-ADFB-6238C2A49AC7}"
EndProject
Project("{FAE04EC0-301F-11D3-BF4B-00C04F79EFBC}") = "Steroids.Core.Tests", "BusinessLogic\Core\Steroids.Core.Tests\Steroids.Core.Tests.csproj", "{CCA340B5-1BE3-45C6-B108-89B1BFFB36BB}"
EndProject
Project("{FAE04EC0-301F-11D3-BF4B-00C04F79EFBC}") = "Steroids.CodeQuality.Tests", "BusinessLogic\CodeQuality\Steroids.CodeQuality.Tests\Steroids.CodeQuality.Tests.csproj", "{2FE84F47-9450-4701-80A4-D24104D3D504}"
EndProject
Project("{2150E333-8FDC-42A3-9474-1A3956D46DE8}") = "BusinessLogic", "BusinessLogic", "{7071A409-65F5-484A-A3EB-A957E1749BF5}"
EndProject
Project("{2150E333-8FDC-42A3-9474-1A3956D46DE8}") = "VisualStudio", "VisualStudio", "{A0C635A0-8002-453A-9DA8-F43A31655793}"
EndProject
Project("{2150E333-8FDC-42A3-9474-1A3956D46DE8}") = "CodeQuality", "CodeQuality", "{0C924F26-8A39-4A6D-82C0-B9A504332773}"
EndProject
Project("{2150E333-8FDC-42A3-9474-1A3956D46DE8}") = "CodeStructure", "CodeStructure", "{22B6E3A9-C009-49D7-98A4-6B57877BA4DD}"
EndProject
Project("{2150E333-8FDC-42A3-9474-1A3956D46DE8}") = "CodeAnalysis", "CodeAnalysis", "{C9DA7B40-0546-4C77-97A3-3EA0BA0C6790}"
EndProject
Project("{FAE04EC0-301F-11D3-BF4B-00C04F79EFBC}") = "Steroids.Roslyn", "BusinessLogic\CodeAnalysis\Steroids.Roslyn\Steroids.Roslyn.csproj", "{C02F84AE-8614-443D-B38C-CBAE226BAC77}"
EndProject
Project("{2150E333-8FDC-42A3-9474-1A3956D46DE8}") = "Core", "Core", "{1411DC52-C0F7-4D65-B418-7C83670E296D}"
EndProject
Project("{FAE04EC0-301F-11D3-BF4B-00C04F79EFBC}") = "Steroids.Roslyn.Tests", "BusinessLogic\CodeAnalysis\Steroids.Roslyn.Tests\Steroids.Roslyn.Tests.csproj", "{3D1688F0-80DF-4012-9676-CE68F484254E}"
EndProject
Project("{2150E333-8FDC-42A3-9474-1A3956D46DE8}") = "2019", "2019", "{B70C1A22-AE91-44D4-93B2-F7EBD8AC1A8C}"
EndProject
Project("{2150E333-8FDC-42A3-9474-1A3956D46DE8}") = "2022", "2022", "{DA6C7F76-D3EF-4CA2-A677-E2670D08B069}"
EndProject
Project("{2150E333-8FDC-42A3-9474-1A3956D46DE8}") = "Shared", "Shared", "{03869A3C-B744-4235-8456-9B420E071AB5}"
EndProject
Project("{FAE04EC0-301F-11D3-BF4B-00C04F79EFBC}") = "SteroidsVS.Vsix", "VisualStudio\2019\SteroidsVS.Vsix\SteroidsVS.Vsix.csproj", "{CE39BD04-12F1-4061-89A0-86154E247132}"
EndProject
Project("{FAE04EC0-301F-11D3-BF4B-00C04F79EFBC}") = "SteroidsVS.Vsix", "VisualStudio\2022\SteroidsVS.Vsix\SteroidsVS.Vsix.csproj", "{CE39BD04-12F1-4061-89A0-86154E247133}"
EndProject
Project("{D954291E-2A0B-460D-934E-DC6B0785DB48}") = "SteroidsVS.Vsix", "VisualStudio\Shared\SteroidsVS.Vsix\SteroidsVS.Vsix.shproj", "{F31B59A8-6CDF-42DE-97D5-A9CF752D3A96}"
EndProject
Project("{D954291E-2A0B-460D-934E-DC6B0785DB48}") = "SteroidsVs.CodeQuality", "VisualStudio\Shared\SteroidsVs.CodeQuality\SteroidsVs.CodeQuality.shproj", "{D8D1074F-F9B2-46AE-9388-A1F08804E04F}"
EndProject
Project("{D954291E-2A0B-460D-934E-DC6B0785DB48}") = "SteroidsVs.CodeStructure", "VisualStudio\Shared\SteroidsVs.CodeStructure\SteroidsVs.CodeStructure.shproj", "{FE0356C2-D512-4F2E-8D05-50C195D99A17}"
EndProject
Project("{D954291E-2A0B-460D-934E-DC6B0785DB48}") = "SteroidsVs.SharedUI", "VisualStudio\Shared\SteroidsVs.SharedUI\SteroidsVs.SharedUI.shproj", "{BC8CD70C-2484-4935-8C50-0F6FE93664EC}"
EndProject
Project("{FAE04EC0-301F-11D3-BF4B-00C04F79EFBC}") = "SteroidsVS.SharedUI", "VisualStudio\2022\SteroidsVS.SharedUI\SteroidsVS.SharedUI.csproj", "{58AC3D8F-294E-4389-8A93-570AE6C45808}"
EndProject
Project("{FAE04EC0-301F-11D3-BF4B-00C04F79EFBC}") = "SteroidsVS.CodeStructure", "VisualStudio\2022\SteroidsVS.CodeStructure\SteroidsVS.CodeStructure.csproj", "{E6451202-C6F6-4E47-86F1-2745FB353758}"
EndProject
Project("{FAE04EC0-301F-11D3-BF4B-00C04F79EFBC}") = "SteroidsVS.CodeQuality", "VisualStudio\2022\SteroidsVs.CodeQuality\SteroidsVS.CodeQuality.csproj", "{E4C0B3CB-96AD-405D-87FB-8E6318827E5B}"
EndProject
Project("{FAE04EC0-301F-11D3-BF4B-00C04F79EFBC}") = "SteroidsVS.SharedUI", "VisualStudio\2019\SteroidsVS.SharedUI\SteroidsVS.SharedUI.csproj", "{7B19258E-102F-4AB5-B955-977E529A9A00}"
EndProject
Project("{FAE04EC0-301F-11D3-BF4B-00C04F79EFBC}") = "SteroidsVS.CodeStructure", "VisualStudio\2019\SteroidsVS.CodeStructure\SteroidsVS.CodeStructure.csproj", "{9AD45BA0-FA8F-42C5-A7FA-17D410F69995}"
EndProject
Project("{FAE04EC0-301F-11D3-BF4B-00C04F79EFBC}") = "SteroidsVS.CodeQuality", "VisualStudio\2019\SteroidsVs.CodeQuality\SteroidsVS.CodeQuality.csproj", "{6D8D8AE9-A333-480B-820C-F8E6BCE3E734}"
EndProject
Project("{2150E333-8FDC-42A3-9474-1A3956D46DE8}") = "Solution Items", "Solution Items", "{86826C47-D5B9-431F-9BF5-7F529EDAF739}"
	ProjectSection(SolutionItems) = preProject
		.editorconfig = .editorconfig
	EndProjectSection
EndProject
Global
	GlobalSection(SharedMSBuildProjectFiles) = preSolution
		VisualStudio\Shared\SteroidsVs.SharedUI\SteroidsVs.SharedUI.projitems*{58ac3d8f-294e-4389-8a93-570ae6c45808}*SharedItemsImports = 4
		VisualStudio\Shared\SteroidsVs.CodeQuality\SteroidsVs.CodeQuality.projitems*{6d8d8ae9-a333-480b-820c-f8e6bce3e734}*SharedItemsImports = 4
		VisualStudio\Shared\SteroidsVs.SharedUI\SteroidsVs.SharedUI.projitems*{7b19258e-102f-4ab5-b955-977e529a9a00}*SharedItemsImports = 4
		VisualStudio\Shared\SteroidsVs.CodeStructure\SteroidsVs.CodeStructure.projitems*{9ad45ba0-fa8f-42c5-a7fa-17d410f69995}*SharedItemsImports = 4
		VisualStudio\Shared\SteroidsVs.SharedUI\SteroidsVs.SharedUI.projitems*{bc8cd70c-2484-4935-8c50-0f6fe93664ec}*SharedItemsImports = 13
		VisualStudio\Shared\SteroidsVS.Vsix\SteroidsVS.Vsix.projitems*{ce39bd04-12f1-4061-89a0-86154e247132}*SharedItemsImports = 4
		VisualStudio\Shared\SteroidsVS.Vsix\SteroidsVS.Vsix.projitems*{ce39bd04-12f1-4061-89a0-86154e247133}*SharedItemsImports = 4
		VisualStudio\Shared\SteroidsVs.CodeQuality\SteroidsVs.CodeQuality.projitems*{d8d1074f-f9b2-46ae-9388-a1f08804e04f}*SharedItemsImports = 13
		VisualStudio\Shared\SteroidsVs.CodeQuality\SteroidsVs.CodeQuality.projitems*{e4c0b3cb-96ad-405d-87fb-8e6318827e5b}*SharedItemsImports = 4
		VisualStudio\Shared\SteroidsVs.CodeStructure\SteroidsVs.CodeStructure.projitems*{e6451202-c6f6-4e47-86f1-2745fb353758}*SharedItemsImports = 4
		VisualStudio\Shared\SteroidsVS.Vsix\SteroidsVS.Vsix.projitems*{f31b59a8-6cdf-42de-97d5-a9cf752d3a96}*SharedItemsImports = 13
		VisualStudio\Shared\SteroidsVs.CodeStructure\SteroidsVs.CodeStructure.projitems*{fe0356c2-d512-4f2e-8d05-50c195d99a17}*SharedItemsImports = 13
	EndGlobalSection
	GlobalSection(SolutionConfigurationPlatforms) = preSolution
		Debug|Any CPU = Debug|Any CPU
		Debug|x86 = Debug|x86
		Release|Any CPU = Release|Any CPU
		Release|x86 = Release|x86
	EndGlobalSection
	GlobalSection(ProjectConfigurationPlatforms) = postSolution
		{1406F7C6-80FE-4EE2-A651-7432C0EF9CD2}.Debug|Any CPU.ActiveCfg = Debug|Any CPU
		{1406F7C6-80FE-4EE2-A651-7432C0EF9CD2}.Debug|Any CPU.Build.0 = Debug|Any CPU
		{1406F7C6-80FE-4EE2-A651-7432C0EF9CD2}.Debug|x86.ActiveCfg = Debug|Any CPU
		{1406F7C6-80FE-4EE2-A651-7432C0EF9CD2}.Debug|x86.Build.0 = Debug|Any CPU
		{1406F7C6-80FE-4EE2-A651-7432C0EF9CD2}.Release|Any CPU.ActiveCfg = Release|Any CPU
		{1406F7C6-80FE-4EE2-A651-7432C0EF9CD2}.Release|Any CPU.Build.0 = Release|Any CPU
		{1406F7C6-80FE-4EE2-A651-7432C0EF9CD2}.Release|x86.ActiveCfg = Release|Any CPU
		{1406F7C6-80FE-4EE2-A651-7432C0EF9CD2}.Release|x86.Build.0 = Release|Any CPU
		{D43C1A42-A6B0-4F1B-8637-79DAACAAE487}.Debug|Any CPU.ActiveCfg = Debug|Any CPU
		{D43C1A42-A6B0-4F1B-8637-79DAACAAE487}.Debug|Any CPU.Build.0 = Debug|Any CPU
		{D43C1A42-A6B0-4F1B-8637-79DAACAAE487}.Debug|x86.ActiveCfg = Debug|Any CPU
		{D43C1A42-A6B0-4F1B-8637-79DAACAAE487}.Debug|x86.Build.0 = Debug|Any CPU
		{D43C1A42-A6B0-4F1B-8637-79DAACAAE487}.Release|Any CPU.ActiveCfg = Release|Any CPU
		{D43C1A42-A6B0-4F1B-8637-79DAACAAE487}.Release|Any CPU.Build.0 = Release|Any CPU
		{D43C1A42-A6B0-4F1B-8637-79DAACAAE487}.Release|x86.ActiveCfg = Release|Any CPU
		{D43C1A42-A6B0-4F1B-8637-79DAACAAE487}.Release|x86.Build.0 = Release|Any CPU
		{7ACA354E-33FC-45C1-932F-F7A5B01111A0}.Debug|Any CPU.ActiveCfg = Debug|Any CPU
		{7ACA354E-33FC-45C1-932F-F7A5B01111A0}.Debug|Any CPU.Build.0 = Debug|Any CPU
		{7ACA354E-33FC-45C1-932F-F7A5B01111A0}.Debug|x86.ActiveCfg = Debug|Any CPU
		{7ACA354E-33FC-45C1-932F-F7A5B01111A0}.Debug|x86.Build.0 = Debug|Any CPU
		{7ACA354E-33FC-45C1-932F-F7A5B01111A0}.Release|Any CPU.ActiveCfg = Release|Any CPU
		{7ACA354E-33FC-45C1-932F-F7A5B01111A0}.Release|Any CPU.Build.0 = Release|Any CPU
		{7ACA354E-33FC-45C1-932F-F7A5B01111A0}.Release|x86.ActiveCfg = Release|Any CPU
		{7ACA354E-33FC-45C1-932F-F7A5B01111A0}.Release|x86.Build.0 = Release|Any CPU
		{8E125506-818B-40E4-ADFB-6238C2A49AC7}.Debug|Any CPU.ActiveCfg = Debug|Any CPU
		{8E125506-818B-40E4-ADFB-6238C2A49AC7}.Debug|Any CPU.Build.0 = Debug|Any CPU
		{8E125506-818B-40E4-ADFB-6238C2A49AC7}.Debug|x86.ActiveCfg = Debug|Any CPU
		{8E125506-818B-40E4-ADFB-6238C2A49AC7}.Debug|x86.Build.0 = Debug|Any CPU
		{8E125506-818B-40E4-ADFB-6238C2A49AC7}.Release|Any CPU.ActiveCfg = Release|Any CPU
		{8E125506-818B-40E4-ADFB-6238C2A49AC7}.Release|Any CPU.Build.0 = Release|Any CPU
		{8E125506-818B-40E4-ADFB-6238C2A49AC7}.Release|x86.ActiveCfg = Release|Any CPU
		{8E125506-818B-40E4-ADFB-6238C2A49AC7}.Release|x86.Build.0 = Release|Any CPU
		{CCA340B5-1BE3-45C6-B108-89B1BFFB36BB}.Debug|Any CPU.ActiveCfg = Debug|Any CPU
		{CCA340B5-1BE3-45C6-B108-89B1BFFB36BB}.Debug|Any CPU.Build.0 = Debug|Any CPU
		{CCA340B5-1BE3-45C6-B108-89B1BFFB36BB}.Debug|x86.ActiveCfg = Debug|Any CPU
		{CCA340B5-1BE3-45C6-B108-89B1BFFB36BB}.Release|Any CPU.ActiveCfg = Release|Any CPU
		{CCA340B5-1BE3-45C6-B108-89B1BFFB36BB}.Release|Any CPU.Build.0 = Release|Any CPU
		{CCA340B5-1BE3-45C6-B108-89B1BFFB36BB}.Release|x86.ActiveCfg = Release|Any CPU
		{2FE84F47-9450-4701-80A4-D24104D3D504}.Debug|Any CPU.ActiveCfg = Debug|Any CPU
		{2FE84F47-9450-4701-80A4-D24104D3D504}.Debug|Any CPU.Build.0 = Debug|Any CPU
		{2FE84F47-9450-4701-80A4-D24104D3D504}.Debug|x86.ActiveCfg = Debug|Any CPU
		{2FE84F47-9450-4701-80A4-D24104D3D504}.Debug|x86.Build.0 = Debug|Any CPU
		{2FE84F47-9450-4701-80A4-D24104D3D504}.Release|Any CPU.ActiveCfg = Release|Any CPU
		{2FE84F47-9450-4701-80A4-D24104D3D504}.Release|Any CPU.Build.0 = Release|Any CPU
		{2FE84F47-9450-4701-80A4-D24104D3D504}.Release|x86.ActiveCfg = Release|Any CPU
		{2FE84F47-9450-4701-80A4-D24104D3D504}.Release|x86.Build.0 = Release|Any CPU
		{C02F84AE-8614-443D-B38C-CBAE226BAC77}.Debug|Any CPU.ActiveCfg = Debug|Any CPU
		{C02F84AE-8614-443D-B38C-CBAE226BAC77}.Debug|Any CPU.Build.0 = Debug|Any CPU
		{C02F84AE-8614-443D-B38C-CBAE226BAC77}.Debug|x86.ActiveCfg = Debug|Any CPU
		{C02F84AE-8614-443D-B38C-CBAE226BAC77}.Debug|x86.Build.0 = Debug|Any CPU
		{C02F84AE-8614-443D-B38C-CBAE226BAC77}.Release|Any CPU.ActiveCfg = Release|Any CPU
		{C02F84AE-8614-443D-B38C-CBAE226BAC77}.Release|Any CPU.Build.0 = Release|Any CPU
		{C02F84AE-8614-443D-B38C-CBAE226BAC77}.Release|x86.ActiveCfg = Release|Any CPU
		{C02F84AE-8614-443D-B38C-CBAE226BAC77}.Release|x86.Build.0 = Release|Any CPU
		{3D1688F0-80DF-4012-9676-CE68F484254E}.Debug|Any CPU.ActiveCfg = Debug|Any CPU
		{3D1688F0-80DF-4012-9676-CE68F484254E}.Debug|Any CPU.Build.0 = Debug|Any CPU
		{3D1688F0-80DF-4012-9676-CE68F484254E}.Debug|x86.ActiveCfg = Debug|Any CPU
		{3D1688F0-80DF-4012-9676-CE68F484254E}.Debug|x86.Build.0 = Debug|Any CPU
		{3D1688F0-80DF-4012-9676-CE68F484254E}.Release|Any CPU.ActiveCfg = Release|Any CPU
		{3D1688F0-80DF-4012-9676-CE68F484254E}.Release|Any CPU.Build.0 = Release|Any CPU
		{3D1688F0-80DF-4012-9676-CE68F484254E}.Release|x86.ActiveCfg = Release|Any CPU
		{3D1688F0-80DF-4012-9676-CE68F484254E}.Release|x86.Build.0 = Release|Any CPU
		{CE39BD04-12F1-4061-89A0-86154E247132}.Debug|Any CPU.ActiveCfg = Debug|Any CPU
		{CE39BD04-12F1-4061-89A0-86154E247132}.Debug|Any CPU.Build.0 = Debug|Any CPU
		{CE39BD04-12F1-4061-89A0-86154E247132}.Debug|x86.ActiveCfg = Debug|x86
		{CE39BD04-12F1-4061-89A0-86154E247132}.Debug|x86.Build.0 = Debug|x86
		{CE39BD04-12F1-4061-89A0-86154E247132}.Release|Any CPU.ActiveCfg = Release|Any CPU
		{CE39BD04-12F1-4061-89A0-86154E247132}.Release|Any CPU.Build.0 = Release|Any CPU
		{CE39BD04-12F1-4061-89A0-86154E247132}.Release|x86.ActiveCfg = Release|x86
		{CE39BD04-12F1-4061-89A0-86154E247132}.Release|x86.Build.0 = Release|x86
		{CE39BD04-12F1-4061-89A0-86154E247133}.Debug|Any CPU.ActiveCfg = Debug|Any CPU
		{CE39BD04-12F1-4061-89A0-86154E247133}.Debug|Any CPU.Build.0 = Debug|Any CPU
		{CE39BD04-12F1-4061-89A0-86154E247133}.Debug|x86.ActiveCfg = Debug|x86
		{CE39BD04-12F1-4061-89A0-86154E247133}.Debug|x86.Build.0 = Debug|x86
		{CE39BD04-12F1-4061-89A0-86154E247133}.Release|Any CPU.ActiveCfg = Release|Any CPU
		{CE39BD04-12F1-4061-89A0-86154E247133}.Release|Any CPU.Build.0 = Release|Any CPU
		{CE39BD04-12F1-4061-89A0-86154E247133}.Release|x86.ActiveCfg = Release|x86
		{CE39BD04-12F1-4061-89A0-86154E247133}.Release|x86.Build.0 = Release|x86
		{58AC3D8F-294E-4389-8A93-570AE6C45808}.Debug|Any CPU.ActiveCfg = Debug|Any CPU
		{58AC3D8F-294E-4389-8A93-570AE6C45808}.Debug|Any CPU.Build.0 = Debug|Any CPU
		{58AC3D8F-294E-4389-8A93-570AE6C45808}.Debug|x86.ActiveCfg = Debug|Any CPU
		{58AC3D8F-294E-4389-8A93-570AE6C45808}.Debug|x86.Build.0 = Debug|Any CPU
		{58AC3D8F-294E-4389-8A93-570AE6C45808}.Release|Any CPU.ActiveCfg = Release|Any CPU
		{58AC3D8F-294E-4389-8A93-570AE6C45808}.Release|Any CPU.Build.0 = Release|Any CPU
		{58AC3D8F-294E-4389-8A93-570AE6C45808}.Release|x86.ActiveCfg = Release|Any CPU
		{58AC3D8F-294E-4389-8A93-570AE6C45808}.Release|x86.Build.0 = Release|Any CPU
		{E6451202-C6F6-4E47-86F1-2745FB353758}.Debug|Any CPU.ActiveCfg = Debug|Any CPU
		{E6451202-C6F6-4E47-86F1-2745FB353758}.Debug|Any CPU.Build.0 = Debug|Any CPU
		{E6451202-C6F6-4E47-86F1-2745FB353758}.Debug|x86.ActiveCfg = Debug|Any CPU
		{E6451202-C6F6-4E47-86F1-2745FB353758}.Debug|x86.Build.0 = Debug|Any CPU
		{E6451202-C6F6-4E47-86F1-2745FB353758}.Release|Any CPU.ActiveCfg = Release|Any CPU
		{E6451202-C6F6-4E47-86F1-2745FB353758}.Release|Any CPU.Build.0 = Release|Any CPU
		{E6451202-C6F6-4E47-86F1-2745FB353758}.Release|x86.ActiveCfg = Release|Any CPU
		{E6451202-C6F6-4E47-86F1-2745FB353758}.Release|x86.Build.0 = Release|Any CPU
		{E4C0B3CB-96AD-405D-87FB-8E6318827E5B}.Debug|Any CPU.ActiveCfg = Debug|Any CPU
		{E4C0B3CB-96AD-405D-87FB-8E6318827E5B}.Debug|Any CPU.Build.0 = Debug|Any CPU
		{E4C0B3CB-96AD-405D-87FB-8E6318827E5B}.Debug|x86.ActiveCfg = Debug|Any CPU
		{E4C0B3CB-96AD-405D-87FB-8E6318827E5B}.Debug|x86.Build.0 = Debug|Any CPU
		{E4C0B3CB-96AD-405D-87FB-8E6318827E5B}.Release|Any CPU.ActiveCfg = Release|Any CPU
		{E4C0B3CB-96AD-405D-87FB-8E6318827E5B}.Release|Any CPU.Build.0 = Release|Any CPU
		{E4C0B3CB-96AD-405D-87FB-8E6318827E5B}.Release|x86.ActiveCfg = Release|Any CPU
		{E4C0B3CB-96AD-405D-87FB-8E6318827E5B}.Release|x86.Build.0 = Release|Any CPU
		{7B19258E-102F-4AB5-B955-977E529A9A00}.Debug|Any CPU.ActiveCfg = Debug|Any CPU
		{7B19258E-102F-4AB5-B955-977E529A9A00}.Debug|Any CPU.Build.0 = Debug|Any CPU
		{7B19258E-102F-4AB5-B955-977E529A9A00}.Debug|x86.ActiveCfg = Debug|Any CPU
		{7B19258E-102F-4AB5-B955-977E529A9A00}.Debug|x86.Build.0 = Debug|Any CPU
		{7B19258E-102F-4AB5-B955-977E529A9A00}.Release|Any CPU.ActiveCfg = Release|Any CPU
		{7B19258E-102F-4AB5-B955-977E529A9A00}.Release|Any CPU.Build.0 = Release|Any CPU
		{7B19258E-102F-4AB5-B955-977E529A9A00}.Release|x86.ActiveCfg = Release|Any CPU
		{7B19258E-102F-4AB5-B955-977E529A9A00}.Release|x86.Build.0 = Release|Any CPU
		{9AD45BA0-FA8F-42C5-A7FA-17D410F69995}.Debug|Any CPU.ActiveCfg = Debug|Any CPU
		{9AD45BA0-FA8F-42C5-A7FA-17D410F69995}.Debug|Any CPU.Build.0 = Debug|Any CPU
		{9AD45BA0-FA8F-42C5-A7FA-17D410F69995}.Debug|x86.ActiveCfg = Debug|Any CPU
		{9AD45BA0-FA8F-42C5-A7FA-17D410F69995}.Debug|x86.Build.0 = Debug|Any CPU
		{9AD45BA0-FA8F-42C5-A7FA-17D410F69995}.Release|Any CPU.ActiveCfg = Release|Any CPU
		{9AD45BA0-FA8F-42C5-A7FA-17D410F69995}.Release|Any CPU.Build.0 = Release|Any CPU
		{9AD45BA0-FA8F-42C5-A7FA-17D410F69995}.Release|x86.ActiveCfg = Release|Any CPU
		{9AD45BA0-FA8F-42C5-A7FA-17D410F69995}.Release|x86.Build.0 = Release|Any CPU
		{6D8D8AE9-A333-480B-820C-F8E6BCE3E734}.Debug|Any CPU.ActiveCfg = Debug|Any CPU
		{6D8D8AE9-A333-480B-820C-F8E6BCE3E734}.Debug|Any CPU.Build.0 = Debug|Any CPU
		{6D8D8AE9-A333-480B-820C-F8E6BCE3E734}.Debug|x86.ActiveCfg = Debug|Any CPU
		{6D8D8AE9-A333-480B-820C-F8E6BCE3E734}.Debug|x86.Build.0 = Debug|Any CPU
		{6D8D8AE9-A333-480B-820C-F8E6BCE3E734}.Release|Any CPU.ActiveCfg = Release|Any CPU
		{6D8D8AE9-A333-480B-820C-F8E6BCE3E734}.Release|Any CPU.Build.0 = Release|Any CPU
		{6D8D8AE9-A333-480B-820C-F8E6BCE3E734}.Release|x86.ActiveCfg = Release|Any CPU
		{6D8D8AE9-A333-480B-820C-F8E6BCE3E734}.Release|x86.Build.0 = Release|Any CPU
	EndGlobalSection
	GlobalSection(SolutionProperties) = preSolution
		HideSolutionNode = FALSE
	EndGlobalSection
	GlobalSection(NestedProjects) = preSolution
		{1406F7C6-80FE-4EE2-A651-7432C0EF9CD2} = {22B6E3A9-C009-49D7-98A4-6B57877BA4DD}
		{D43C1A42-A6B0-4F1B-8637-79DAACAAE487} = {1411DC52-C0F7-4D65-B418-7C83670E296D}
		{7ACA354E-33FC-45C1-932F-F7A5B01111A0} = {22B6E3A9-C009-49D7-98A4-6B57877BA4DD}
		{8E125506-818B-40E4-ADFB-6238C2A49AC7} = {0C924F26-8A39-4A6D-82C0-B9A504332773}
		{CCA340B5-1BE3-45C6-B108-89B1BFFB36BB} = {1411DC52-C0F7-4D65-B418-7C83670E296D}
		{2FE84F47-9450-4701-80A4-D24104D3D504} = {0C924F26-8A39-4A6D-82C0-B9A504332773}
		{0C924F26-8A39-4A6D-82C0-B9A504332773} = {7071A409-65F5-484A-A3EB-A957E1749BF5}
		{22B6E3A9-C009-49D7-98A4-6B57877BA4DD} = {7071A409-65F5-484A-A3EB-A957E1749BF5}
		{C9DA7B40-0546-4C77-97A3-3EA0BA0C6790} = {7071A409-65F5-484A-A3EB-A957E1749BF5}
		{C02F84AE-8614-443D-B38C-CBAE226BAC77} = {C9DA7B40-0546-4C77-97A3-3EA0BA0C6790}
		{1411DC52-C0F7-4D65-B418-7C83670E296D} = {7071A409-65F5-484A-A3EB-A957E1749BF5}
		{3D1688F0-80DF-4012-9676-CE68F484254E} = {C9DA7B40-0546-4C77-97A3-3EA0BA0C6790}
		{B70C1A22-AE91-44D4-93B2-F7EBD8AC1A8C} = {A0C635A0-8002-453A-9DA8-F43A31655793}
		{DA6C7F76-D3EF-4CA2-A677-E2670D08B069} = {A0C635A0-8002-453A-9DA8-F43A31655793}
		{03869A3C-B744-4235-8456-9B420E071AB5} = {A0C635A0-8002-453A-9DA8-F43A31655793}
		{CE39BD04-12F1-4061-89A0-86154E247132} = {B70C1A22-AE91-44D4-93B2-F7EBD8AC1A8C}
		{CE39BD04-12F1-4061-89A0-86154E247133} = {DA6C7F76-D3EF-4CA2-A677-E2670D08B069}
		{F31B59A8-6CDF-42DE-97D5-A9CF752D3A96} = {03869A3C-B744-4235-8456-9B420E071AB5}
		{D8D1074F-F9B2-46AE-9388-A1F08804E04F} = {03869A3C-B744-4235-8456-9B420E071AB5}
		{FE0356C2-D512-4F2E-8D05-50C195D99A17} = {03869A3C-B744-4235-8456-9B420E071AB5}
		{BC8CD70C-2484-4935-8C50-0F6FE93664EC} = {03869A3C-B744-4235-8456-9B420E071AB5}
		{58AC3D8F-294E-4389-8A93-570AE6C45808} = {DA6C7F76-D3EF-4CA2-A677-E2670D08B069}
		{E6451202-C6F6-4E47-86F1-2745FB353758} = {DA6C7F76-D3EF-4CA2-A677-E2670D08B069}
		{E4C0B3CB-96AD-405D-87FB-8E6318827E5B} = {DA6C7F76-D3EF-4CA2-A677-E2670D08B069}
		{7B19258E-102F-4AB5-B955-977E529A9A00} = {B70C1A22-AE91-44D4-93B2-F7EBD8AC1A8C}
		{9AD45BA0-FA8F-42C5-A7FA-17D410F69995} = {B70C1A22-AE91-44D4-93B2-F7EBD8AC1A8C}
		{6D8D8AE9-A333-480B-820C-F8E6BCE3E734} = {B70C1A22-AE91-44D4-93B2-F7EBD8AC1A8C}
	EndGlobalSection
	GlobalSection(ExtensibilityGlobals) = postSolution
		SolutionGuid = {DA622E88-1DED-4B8D-8890-E38D3F07C08E}
	EndGlobalSection
EndGlobal
